
Microsoft Visual Studio Solution File, Format Version 12.00
# Visual Studio 15
VisualStudioVersion = 15.0.27004.2010
MinimumVisualStudioVersion = 10.0.40219.1
Project("{9A19103F-16F7-4668-BE54-9A1E7A4F7556}") = "SwaggerCheck", "SwaggerCheck\SwaggerCheck.csproj", "{83B80D1E-B5AE-4A1C-AD78-594568E5F8FF}"
EndProject
Project("{9A19103F-16F7-4668-BE54-9A1E7A4F7556}") = "TestApi", "TestApi\TestApi.csproj", "{973B7B01-F3D3-4F56-8960-C844D232C513}"
EndProject
Global
	GlobalSection(SolutionConfigurationPlatforms) = preSolution
		Debug|Any CPU = Debug|Any CPU
		Release|Any CPU = Release|Any CPU
	EndGlobalSection
	GlobalSection(ProjectConfigurationPlatforms) = postSolution
		{83B80D1E-B5AE-4A1C-AD78-594568E5F8FF}.Debug|Any CPU.ActiveCfg = Debug|Any CPU
		{83B80D1E-B5AE-4A1C-AD78-594568E5F8FF}.Debug|Any CPU.Build.0 = Debug|Any CPU
		{83B80D1E-B5AE-4A1C-AD78-594568E5F8FF}.Release|Any CPU.ActiveCfg = Release|Any CPU
		{83B80D1E-B5AE-4A1C-AD78-594568E5F8FF}.Release|Any CPU.Build.0 = Release|Any CPU
		{973B7B01-F3D3-4F56-8960-C844D232C513}.Debug|Any CPU.ActiveCfg = Debug|Any CPU
		{973B7B01-F3D3-4F56-8960-C844D232C513}.Debug|Any CPU.Build.0 = Debug|Any CPU
		{973B7B01-F3D3-4F56-8960-C844D232C513}.Release|Any CPU.ActiveCfg = Release|Any CPU
		{973B7B01-F3D3-4F56-8960-C844D232C513}.Release|Any CPU.Build.0 = Release|Any CPU
	EndGlobalSection
	GlobalSection(SolutionProperties) = preSolution
		HideSolutionNode = FALSE
	EndGlobalSection
	GlobalSection(ExtensibilityGlobals) = postSolution
		SolutionGuid = {5AA7B317-EBC8-4F91-977A-6CD39E9B4782}
	EndGlobalSection
EndGlobal
